
Microsoft Visual Studio Solution File, Format Version 12.00
# Visual Studio Version 17
VisualStudioVersion = 17.8.34330.188
MinimumVisualStudioVersion = 10.0.40219.1
Project("{FAE04EC0-301F-11D3-BF4B-00C04F79EFBC}") = "TelerikBlazorApp1.Server", "TelerikBlazorApp1\TelerikBlazorApp1\TelerikBlazorApp1.Server.csproj", "{AC41B620-E29D-4FF3-A3D8-5693EE788B38}"
EndProject
Project("{FAE04EC0-301F-11D3-BF4B-00C04F79EFBC}") = "TelerikBlazorApp1.Client", "TelerikBlazorApp1\TelerikBlazorApp1.Client\TelerikBlazorApp1.Client.csproj", "{2115544F-D254-4F4A-8A23-54A6C773E6B1}"
EndProject
Project("{FAE04EC0-301F-11D3-BF4B-00C04F79EFBC}") = "TelerikBlazorApp1.Shared", "TelerikBlazorApp1\TelerikBlazorApp1.Shared\TelerikBlazorApp1.Shared.csproj", "{3C5D8D22-F2B7-42B6-8682-491385A57BFF}"
EndProject
Global
	GlobalSection(SolutionConfigurationPlatforms) = preSolution
		Debug|Any CPU = Debug|Any CPU
		Release|Any CPU = Release|Any CPU
	EndGlobalSection
	GlobalSection(ProjectConfigurationPlatforms) = postSolution
		{AC41B620-E29D-4FF3-A3D8-5693EE788B38}.Debug|Any CPU.ActiveCfg = Debug|Any CPU
		{AC41B620-E29D-4FF3-A3D8-5693EE788B38}.Debug|Any CPU.Build.0 = Debug|Any CPU
		{AC41B620-E29D-4FF3-A3D8-5693EE788B38}.Release|Any CPU.ActiveCfg = Release|Any CPU
		{AC41B620-E29D-4FF3-A3D8-5693EE788B38}.Release|Any CPU.Build.0 = Release|Any CPU
		{2115544F-D254-4F4A-8A23-54A6C773E6B1}.Debug|Any CPU.ActiveCfg = Debug|Any CPU
		{2115544F-D254-4F4A-8A23-54A6C773E6B1}.Debug|Any CPU.Build.0 = Debug|Any CPU
		{2115544F-D254-4F4A-8A23-54A6C773E6B1}.Release|Any CPU.ActiveCfg = Release|Any CPU
		{2115544F-D254-4F4A-8A23-54A6C773E6B1}.Release|Any CPU.Build.0 = Release|Any CPU
		{3C5D8D22-F2B7-42B6-8682-491385A57BFF}.Debug|Any CPU.ActiveCfg = Debug|Any CPU
		{3C5D8D22-F2B7-42B6-8682-491385A57BFF}.Debug|Any CPU.Build.0 = Debug|Any CPU
		{3C5D8D22-F2B7-42B6-8682-491385A57BFF}.Release|Any CPU.ActiveCfg = Release|Any CPU
		{3C5D8D22-F2B7-42B6-8682-491385A57BFF}.Release|Any CPU.Build.0 = Release|Any CPU
	EndGlobalSection
	GlobalSection(SolutionProperties) = preSolution
		HideSolutionNode = FALSE
	EndGlobalSection
	GlobalSection(ExtensibilityGlobals) = postSolution
		SolutionGuid = {96D035AD-F510-41BD-928A-62767EB6E891}
	EndGlobalSection
EndGlobal
